// !$*UTF8*$!
{
	archiveVersion = 1;
	classes = {
	};
	objectVersion = 46;
	objects = {

/* Begin PBXBuildFile section */
		FEF717C01CF5A39700CE5582 /* main.m in Sources */ = {isa = PBXBuildFile; fileRef = FEF717BF1CF5A39700CE5582 /* main.m */; };
		FEF717C31CF5A39700CE5582 /* AppDelegate.m in Sources */ = {isa = PBXBuildFile; fileRef = FEF717C21CF5A39700CE5582 /* AppDelegate.m */; };
		FEF717C91CF5A39700CE5582 /* Main.storyboard in Resources */ = {isa = PBXBuildFile; fileRef = FEF717C71CF5A39700CE5582 /* Main.storyboard */; };
		FEF717CB1CF5A39700CE5582 /* Assets.xcassets in Resources */ = {isa = PBXBuildFile; fileRef = FEF717CA1CF5A39700CE5582 /* Assets.xcassets */; };
		FEF717CE1CF5A39700CE5582 /* LaunchScreen.storyboard in Resources */ = {isa = PBXBuildFile; fileRef = FEF717CC1CF5A39700CE5582 /* LaunchScreen.storyboard */; };
		FEF717D81CF5A45D00CE5582 /* FFCarouselBanner.m in Sources */ = {isa = PBXBuildFile; fileRef = FEF717D71CF5A45D00CE5582 /* FFCarouselBanner.m */; };
		FEF7183F1CF6924B00CE5582 /* YYCache.m in Sources */ = {isa = PBXBuildFile; fileRef = FEF718191CF6924B00CE5582 /* YYCache.m */; };
		FEF718401CF6924B00CE5582 /* YYDiskCache.m in Sources */ = {isa = PBXBuildFile; fileRef = FEF7181B1CF6924B00CE5582 /* YYDiskCache.m */; };
		FEF718411CF6924B00CE5582 /* YYKVStorage.m in Sources */ = {isa = PBXBuildFile; fileRef = FEF7181D1CF6924B00CE5582 /* YYKVStorage.m */; };
		FEF718421CF6924B00CE5582 /* YYMemoryCache.m in Sources */ = {isa = PBXBuildFile; fileRef = FEF7181F1CF6924B00CE5582 /* YYMemoryCache.m */; };
		FEF718431CF6924B00CE5582 /* _YYWebImageSetter.m in Sources */ = {isa = PBXBuildFile; fileRef = FEF718221CF6924B00CE5582 /* _YYWebImageSetter.m */; };
		FEF718441CF6924B00CE5582 /* CALayer+YYWebImage.m in Sources */ = {isa = PBXBuildFile; fileRef = FEF718241CF6924B00CE5582 /* CALayer+YYWebImage.m */; };
		FEF718451CF6924B00CE5582 /* MKAnnotationView+YYWebImage.m in Sources */ = {isa = PBXBuildFile; fileRef = FEF718261CF6924B00CE5582 /* MKAnnotationView+YYWebImage.m */; };
		FEF718461CF6924B00CE5582 /* UIButton+YYWebImage.m in Sources */ = {isa = PBXBuildFile; fileRef = FEF718281CF6924B00CE5582 /* UIButton+YYWebImage.m */; };
		FEF718471CF6924B00CE5582 /* UIImage+YYWebImage.m in Sources */ = {isa = PBXBuildFile; fileRef = FEF7182A1CF6924B00CE5582 /* UIImage+YYWebImage.m */; };
		FEF718481CF6924B00CE5582 /* UIImageView+YYWebImage.m in Sources */ = {isa = PBXBuildFile; fileRef = FEF7182C1CF6924B00CE5582 /* UIImageView+YYWebImage.m */; };
		FEF718491CF6924B00CE5582 /* YYAnimatedImageView.m in Sources */ = {isa = PBXBuildFile; fileRef = FEF7182F1CF6924B00CE5582 /* YYAnimatedImageView.m */; };
		FEF7184A1CF6924B00CE5582 /* YYFrameImage.m in Sources */ = {isa = PBXBuildFile; fileRef = FEF718311CF6924B00CE5582 /* YYFrameImage.m */; };
		FEF7184B1CF6924B00CE5582 /* YYImage.m in Sources */ = {isa = PBXBuildFile; fileRef = FEF718331CF6924B00CE5582 /* YYImage.m */; };
		FEF7184C1CF6924B00CE5582 /* YYImageCoder.m in Sources */ = {isa = PBXBuildFile; fileRef = FEF718351CF6924B00CE5582 /* YYImageCoder.m */; };
		FEF7184D1CF6924B00CE5582 /* YYSpriteSheetImage.m in Sources */ = {isa = PBXBuildFile; fileRef = FEF718371CF6924B00CE5582 /* YYSpriteSheetImage.m */; };
		FEF7184E1CF6924B00CE5582 /* YYImageCache.m in Sources */ = {isa = PBXBuildFile; fileRef = FEF718391CF6924B00CE5582 /* YYImageCache.m */; };
		FEF7184F1CF6924B00CE5582 /* YYWebImageManager.m in Sources */ = {isa = PBXBuildFile; fileRef = FEF7183C1CF6924B00CE5582 /* YYWebImageManager.m */; };
		FEF718501CF6924B00CE5582 /* YYWebImageOperation.m in Sources */ = {isa = PBXBuildFile; fileRef = FEF7183E1CF6924B00CE5582 /* YYWebImageOperation.m */; };
		FEF718541CF693A200CE5582 /* YYTimer.m in Sources */ = {isa = PBXBuildFile; fileRef = FEF718531CF693A200CE5582 /* YYTimer.m */; };
		FEF718571CF697E500CE5582 /* UIView+YYAdd.m in Sources */ = {isa = PBXBuildFile; fileRef = FEF718561CF697E500CE5582 /* UIView+YYAdd.m */; };
		FEF718641CF69E0500CE5582 /* libz.tbd in Frameworks */ = {isa = PBXBuildFile; fileRef = FEF718631CF69E0500CE5582 /* libz.tbd */; };
		FEF718661CF69E3600CE5582 /* libsqlite3.0.tbd in Frameworks */ = {isa = PBXBuildFile; fileRef = FEF718651CF69E3600CE5582 /* libsqlite3.0.tbd */; };
		FEF7186A1CF6ED3A00CE5582 /* FFXibViewController.m in Sources */ = {isa = PBXBuildFile; fileRef = FEF718691CF6ED3A00CE5582 /* FFXibViewController.m */; };
		FEF7186D1CF6ED4800CE5582 /* FFCodeViewController.m in Sources */ = {isa = PBXBuildFile; fileRef = FEF7186C1CF6ED4800CE5582 /* FFCodeViewController.m */; };
/* End PBXBuildFile section */

/* Begin PBXFileReference section */
		FEF717BB1CF5A39700CE5582 /* FFCarouselBanner.app */ = {isa = PBXFileReference; explicitFileType = wrapper.application; includeInIndex = 0; path = FFCarouselBanner.app; sourceTree = BUILT_PRODUCTS_DIR; };
		FEF717BF1CF5A39700CE5582 /* main.m */ = {isa = PBXFileReference; lastKnownFileType = sourcecode.c.objc; path = main.m; sourceTree = "<group>"; };
		FEF717C11CF5A39700CE5582 /* AppDelegate.h */ = {isa = PBXFileReference; lastKnownFileType = sourcecode.c.h; path = AppDelegate.h; sourceTree = "<group>"; };
		FEF717C21CF5A39700CE5582 /* AppDelegate.m */ = {isa = PBXFileReference; lastKnownFileType = sourcecode.c.objc; path = AppDelegate.m; sourceTree = "<group>"; };
		FEF717C81CF5A39700CE5582 /* Base */ = {isa = PBXFileReference; lastKnownFileType = file.storyboard; name = Base; path = Base.lproj/Main.storyboard; sourceTree = "<group>"; };
		FEF717CA1CF5A39700CE5582 /* Assets.xcassets */ = {isa = PBXFileReference; lastKnownFileType = folder.assetcatalog; path = Assets.xcassets; sourceTree = "<group>"; };
		FEF717CD1CF5A39700CE5582 /* Base */ = {isa = PBXFileReference; lastKnownFileType = file.storyboard; name = Base; path = Base.lproj/LaunchScreen.storyboard; sourceTree = "<group>"; };
		FEF717CF1CF5A39700CE5582 /* Info.plist */ = {isa = PBXFileReference; lastKnownFileType = text.plist.xml; path = Info.plist; sourceTree = "<group>"; };
		FEF717D61CF5A45D00CE5582 /* FFCarouselBanner.h */ = {isa = PBXFileReference; fileEncoding = 4; lastKnownFileType = sourcecode.c.h; path = FFCarouselBanner.h; sourceTree = "<group>"; };
		FEF717D71CF5A45D00CE5582 /* FFCarouselBanner.m */ = {isa = PBXFileReference; fileEncoding = 4; lastKnownFileType = sourcecode.c.objc; path = FFCarouselBanner.m; sourceTree = "<group>"; };
		FEF718181CF6924B00CE5582 /* YYCache.h */ = {isa = PBXFileReference; fileEncoding = 4; lastKnownFileType = sourcecode.c.h; path = YYCache.h; sourceTree = "<group>"; };
		FEF718191CF6924B00CE5582 /* YYCache.m */ = {isa = PBXFileReference; fileEncoding = 4; lastKnownFileType = sourcecode.c.objc; path = YYCache.m; sourceTree = "<group>"; };
		FEF7181A1CF6924B00CE5582 /* YYDiskCache.h */ = {isa = PBXFileReference; fileEncoding = 4; lastKnownFileType = sourcecode.c.h; path = YYDiskCache.h; sourceTree = "<group>"; };
		FEF7181B1CF6924B00CE5582 /* YYDiskCache.m */ = {isa = PBXFileReference; fileEncoding = 4; lastKnownFileType = sourcecode.c.objc; path = YYDiskCache.m; sourceTree = "<group>"; };
		FEF7181C1CF6924B00CE5582 /* YYKVStorage.h */ = {isa = PBXFileReference; fileEncoding = 4; lastKnownFileType = sourcecode.c.h; path = YYKVStorage.h; sourceTree = "<group>"; };
		FEF7181D1CF6924B00CE5582 /* YYKVStorage.m */ = {isa = PBXFileReference; fileEncoding = 4; lastKnownFileType = sourcecode.c.objc; path = YYKVStorage.m; sourceTree = "<group>"; };
		FEF7181E1CF6924B00CE5582 /* YYMemoryCache.h */ = {isa = PBXFileReference; fileEncoding = 4; lastKnownFileType = sourcecode.c.h; path = YYMemoryCache.h; sourceTree = "<group>"; };
		FEF7181F1CF6924B00CE5582 /* YYMemoryCache.m */ = {isa = PBXFileReference; fileEncoding = 4; lastKnownFileType = sourcecode.c.objc; path = YYMemoryCache.m; sourceTree = "<group>"; };
		FEF718211CF6924B00CE5582 /* _YYWebImageSetter.h */ = {isa = PBXFileReference; fileEncoding = 4; lastKnownFileType = sourcecode.c.h; path = _YYWebImageSetter.h; sourceTree = "<group>"; };
		FEF718221CF6924B00CE5582 /* _YYWebImageSetter.m */ = {isa = PBXFileReference; fileEncoding = 4; lastKnownFileType = sourcecode.c.objc; path = _YYWebImageSetter.m; sourceTree = "<group>"; };
		FEF718231CF6924B00CE5582 /* CALayer+YYWebImage.h */ = {isa = PBXFileReference; fileEncoding = 4; lastKnownFileType = sourcecode.c.h; path = "CALayer+YYWebImage.h"; sourceTree = "<group>"; };
		FEF718241CF6924B00CE5582 /* CALayer+YYWebImage.m */ = {isa = PBXFileReference; fileEncoding = 4; lastKnownFileType = sourcecode.c.objc; path = "CALayer+YYWebImage.m"; sourceTree = "<group>"; };
		FEF718251CF6924B00CE5582 /* MKAnnotationView+YYWebImage.h */ = {isa = PBXFileReference; fileEncoding = 4; lastKnownFileType = sourcecode.c.h; path = "MKAnnotationView+YYWebImage.h"; sourceTree = "<group>"; };
		FEF718261CF6924B00CE5582 /* MKAnnotationView+YYWebImage.m */ = {isa = PBXFileReference; fileEncoding = 4; lastKnownFileType = sourcecode.c.objc; path = "MKAnnotationView+YYWebImage.m"; sourceTree = "<group>"; };
		FEF718271CF6924B00CE5582 /* UIButton+YYWebImage.h */ = {isa = PBXFileReference; fileEncoding = 4; lastKnownFileType = sourcecode.c.h; path = "UIButton+YYWebImage.h"; sourceTree = "<group>"; };
		FEF718281CF6924B00CE5582 /* UIButton+YYWebImage.m */ = {isa = PBXFileReference; fileEncoding = 4; lastKnownFileType = sourcecode.c.objc; path = "UIButton+YYWebImage.m"; sourceTree = "<group>"; };
		FEF718291CF6924B00CE5582 /* UIImage+YYWebImage.h */ = {isa = PBXFileReference; fileEncoding = 4; lastKnownFileType = sourcecode.c.h; path = "UIImage+YYWebImage.h"; sourceTree = "<group>"; };
		FEF7182A1CF6924B00CE5582 /* UIImage+YYWebImage.m */ = {isa = PBXFileReference; fileEncoding = 4; lastKnownFileType = sourcecode.c.objc; path = "UIImage+YYWebImage.m"; sourceTree = "<group>"; };
		FEF7182B1CF6924B00CE5582 /* UIImageView+YYWebImage.h */ = {isa = PBXFileReference; fileEncoding = 4; lastKnownFileType = sourcecode.c.h; path = "UIImageView+YYWebImage.h"; sourceTree = "<group>"; };
		FEF7182C1CF6924B00CE5582 /* UIImageView+YYWebImage.m */ = {isa = PBXFileReference; fileEncoding = 4; lastKnownFileType = sourcecode.c.objc; path = "UIImageView+YYWebImage.m"; sourceTree = "<group>"; };
		FEF7182E1CF6924B00CE5582 /* YYAnimatedImageView.h */ = {isa = PBXFileReference; fileEncoding = 4; lastKnownFileType = sourcecode.c.h; path = YYAnimatedImageView.h; sourceTree = "<group>"; };
		FEF7182F1CF6924B00CE5582 /* YYAnimatedImageView.m */ = {isa = PBXFileReference; fileEncoding = 4; lastKnownFileType = sourcecode.c.objc; path = YYAnimatedImageView.m; sourceTree = "<group>"; };
		FEF718301CF6924B00CE5582 /* YYFrameImage.h */ = {isa = PBXFileReference; fileEncoding = 4; lastKnownFileType = sourcecode.c.h; path = YYFrameImage.h; sourceTree = "<group>"; };
		FEF718311CF6924B00CE5582 /* YYFrameImage.m */ = {isa = PBXFileReference; fileEncoding = 4; lastKnownFileType = sourcecode.c.objc; path = YYFrameImage.m; sourceTree = "<group>"; };
		FEF718321CF6924B00CE5582 /* YYImage.h */ = {isa = PBXFileReference; fileEncoding = 4; lastKnownFileType = sourcecode.c.h; path = YYImage.h; sourceTree = "<group>"; };
		FEF718331CF6924B00CE5582 /* YYImage.m */ = {isa = PBXFileReference; fileEncoding = 4; lastKnownFileType = sourcecode.c.objc; path = YYImage.m; sourceTree = "<group>"; };
		FEF718341CF6924B00CE5582 /* YYImageCoder.h */ = {isa = PBXFileReference; fileEncoding = 4; lastKnownFileType = sourcecode.c.h; path = YYImageCoder.h; sourceTree = "<group>"; };
		FEF718351CF6924B00CE5582 /* YYImageCoder.m */ = {isa = PBXFileReference; fileEncoding = 4; lastKnownFileType = sourcecode.c.objc; path = YYImageCoder.m; sourceTree = "<group>"; };
		FEF718361CF6924B00CE5582 /* YYSpriteSheetImage.h */ = {isa = PBXFileReference; fileEncoding = 4; lastKnownFileType = sourcecode.c.h; path = YYSpriteSheetImage.h; sourceTree = "<group>"; };
		FEF718371CF6924B00CE5582 /* YYSpriteSheetImage.m */ = {isa = PBXFileReference; fileEncoding = 4; lastKnownFileType = sourcecode.c.objc; path = YYSpriteSheetImage.m; sourceTree = "<group>"; };
		FEF718381CF6924B00CE5582 /* YYImageCache.h */ = {isa = PBXFileReference; fileEncoding = 4; lastKnownFileType = sourcecode.c.h; path = YYImageCache.h; sourceTree = "<group>"; };
		FEF718391CF6924B00CE5582 /* YYImageCache.m */ = {isa = PBXFileReference; fileEncoding = 4; lastKnownFileType = sourcecode.c.objc; path = YYImageCache.m; sourceTree = "<group>"; };
		FEF7183A1CF6924B00CE5582 /* YYWebImage.h */ = {isa = PBXFileReference; fileEncoding = 4; lastKnownFileType = sourcecode.c.h; path = YYWebImage.h; sourceTree = "<group>"; };
		FEF7183B1CF6924B00CE5582 /* YYWebImageManager.h */ = {isa = PBXFileReference; fileEncoding = 4; lastKnownFileType = sourcecode.c.h; path = YYWebImageManager.h; sourceTree = "<group>"; };
		FEF7183C1CF6924B00CE5582 /* YYWebImageManager.m */ = {isa = PBXFileReference; fileEncoding = 4; lastKnownFileType = sourcecode.c.objc; path = YYWebImageManager.m; sourceTree = "<group>"; };
		FEF7183D1CF6924B00CE5582 /* YYWebImageOperation.h */ = {isa = PBXFileReference; fileEncoding = 4; lastKnownFileType = sourcecode.c.h; path = YYWebImageOperation.h; sourceTree = "<group>"; };
		FEF7183E1CF6924B00CE5582 /* YYWebImageOperation.m */ = {isa = PBXFileReference; fileEncoding = 4; lastKnownFileType = sourcecode.c.objc; path = YYWebImageOperation.m; sourceTree = "<group>"; };
		FEF718521CF693A200CE5582 /* YYTimer.h */ = {isa = PBXFileReference; fileEncoding = 4; lastKnownFileType = sourcecode.c.h; path = YYTimer.h; sourceTree = "<group>"; };
		FEF718531CF693A200CE5582 /* YYTimer.m */ = {isa = PBXFileReference; fileEncoding = 4; lastKnownFileType = sourcecode.c.objc; path = YYTimer.m; sourceTree = "<group>"; };
		FEF718551CF697E500CE5582 /* UIView+YYAdd.h */ = {isa = PBXFileReference; fileEncoding = 4; lastKnownFileType = sourcecode.c.h; path = "UIView+YYAdd.h"; sourceTree = "<group>"; };
		FEF718561CF697E500CE5582 /* UIView+YYAdd.m */ = {isa = PBXFileReference; fileEncoding = 4; lastKnownFileType = sourcecode.c.objc; path = "UIView+YYAdd.m"; sourceTree = "<group>"; };
		FEF718581CF69CCC00CE5582 /* YYKitMacro.h */ = {isa = PBXFileReference; lastKnownFileType = sourcecode.c.h; path = YYKitMacro.h; sourceTree = "<group>"; };
		FEF718631CF69E0500CE5582 /* libz.tbd */ = {isa = PBXFileReference; lastKnownFileType = "sourcecode.text-based-dylib-definition"; name = libz.tbd; path = usr/lib/libz.tbd; sourceTree = SDKROOT; };
		FEF718651CF69E3600CE5582 /* libsqlite3.0.tbd */ = {isa = PBXFileReference; lastKnownFileType = "sourcecode.text-based-dylib-definition"; name = libsqlite3.0.tbd; path = usr/lib/libsqlite3.0.tbd; sourceTree = SDKROOT; };
		FEF718681CF6ED3A00CE5582 /* FFXibViewController.h */ = {isa = PBXFileReference; fileEncoding = 4; lastKnownFileType = sourcecode.c.h; path = FFXibViewController.h; sourceTree = "<group>"; };
		FEF718691CF6ED3A00CE5582 /* FFXibViewController.m */ = {isa = PBXFileReference; fileEncoding = 4; lastKnownFileType = sourcecode.c.objc; path = FFXibViewController.m; sourceTree = "<group>"; };
		FEF7186B1CF6ED4800CE5582 /* FFCodeViewController.h */ = {isa = PBXFileReference; fileEncoding = 4; lastKnownFileType = sourcecode.c.h; path = FFCodeViewController.h; sourceTree = "<group>"; };
		FEF7186C1CF6ED4800CE5582 /* FFCodeViewController.m */ = {isa = PBXFileReference; fileEncoding = 4; lastKnownFileType = sourcecode.c.objc; path = FFCodeViewController.m; sourceTree = "<group>"; };
/* End PBXFileReference section */

/* Begin PBXFrameworksBuildPhase section */
		FEF717B81CF5A39700CE5582 /* Frameworks */ = {
			isa = PBXFrameworksBuildPhase;
			buildActionMask = 2147483647;
			files = (
				FEF718661CF69E3600CE5582 /* libsqlite3.0.tbd in Frameworks */,
				FEF718641CF69E0500CE5582 /* libz.tbd in Frameworks */,
			);
			runOnlyForDeploymentPostprocessing = 0;
		};
/* End PBXFrameworksBuildPhase section */

/* Begin PBXGroup section */
		FEF717B21CF5A39700CE5582 = {
			isa = PBXGroup;
			children = (
				FEF717BD1CF5A39700CE5582 /* FFCarouselBanner */,
				FEF717BC1CF5A39700CE5582 /* Products */,
			);
			sourceTree = "<group>";
		};
		FEF717BC1CF5A39700CE5582 /* Products */ = {
			isa = PBXGroup;
			children = (
				FEF717BB1CF5A39700CE5582 /* FFCarouselBanner.app */,
			);
			name = Products;
			sourceTree = "<group>";
		};
		FEF717BD1CF5A39700CE5582 /* FFCarouselBanner */ = {
			isa = PBXGroup;
			children = (
				FEF717D51CF5A3D000CE5582 /* FFCarouselBanner */,
				FEF718681CF6ED3A00CE5582 /* FFXibViewController.h */,
				FEF718691CF6ED3A00CE5582 /* FFXibViewController.m */,
				FEF7186B1CF6ED4800CE5582 /* FFCodeViewController.h */,
				FEF7186C1CF6ED4800CE5582 /* FFCodeViewController.m */,
				FEF718671CF69E5B00CE5582 /* Framework */,
				FEF717BE1CF5A39700CE5582 /* Supporting Files */,
			);
			path = FFCarouselBanner;
			sourceTree = "<group>";
		};
		FEF717BE1CF5A39700CE5582 /* Supporting Files */ = {
			isa = PBXGroup;
			children = (
				FEF717C11CF5A39700CE5582 /* AppDelegate.h */,
				FEF717C21CF5A39700CE5582 /* AppDelegate.m */,
				FEF717C71CF5A39700CE5582 /* Main.storyboard */,
				FEF717CA1CF5A39700CE5582 /* Assets.xcassets */,
				FEF717CC1CF5A39700CE5582 /* LaunchScreen.storyboard */,
				FEF717CF1CF5A39700CE5582 /* Info.plist */,
				FEF717BF1CF5A39700CE5582 /* main.m */,
			);
			name = "Supporting Files";
			sourceTree = "<group>";
		};
		FEF717D51CF5A3D000CE5582 /* FFCarouselBanner */ = {
			isa = PBXGroup;
			children = (
				FEF717EC1CF6852900CE5582 /* YYKit */,
				FEF717D61CF5A45D00CE5582 /* FFCarouselBanner.h */,
				FEF717D71CF5A45D00CE5582 /* FFCarouselBanner.m */,
			);
			path = FFCarouselBanner;
			sourceTree = "<group>";
		};
		FEF717EC1CF6852900CE5582 /* YYKit */ = {
			isa = PBXGroup;
			children = (
				FEF718511CF6939300CE5582 /* Utility */,
				FEF718161CF6924B00CE5582 /* YYWebImage */,
			);
			path = YYKit;
			sourceTree = "<group>";
		};
		FEF718161CF6924B00CE5582 /* YYWebImage */ = {
			isa = PBXGroup;
			children = (
				FEF718171CF6924B00CE5582 /* Cache */,
				FEF718201CF6924B00CE5582 /* Categories */,
				FEF7182D1CF6924B00CE5582 /* Image */,
				FEF718381CF6924B00CE5582 /* YYImageCache.h */,
				FEF718391CF6924B00CE5582 /* YYImageCache.m */,
				FEF7183A1CF6924B00CE5582 /* YYWebImage.h */,
				FEF7183B1CF6924B00CE5582 /* YYWebImageManager.h */,
				FEF7183C1CF6924B00CE5582 /* YYWebImageManager.m */,
				FEF7183D1CF6924B00CE5582 /* YYWebImageOperation.h */,
				FEF7183E1CF6924B00CE5582 /* YYWebImageOperation.m */,
			);
			path = YYWebImage;
			sourceTree = "<group>";
		};
		FEF718171CF6924B00CE5582 /* Cache */ = {
			isa = PBXGroup;
			children = (
				FEF718181CF6924B00CE5582 /* YYCache.h */,
				FEF718191CF6924B00CE5582 /* YYCache.m */,
				FEF7181A1CF6924B00CE5582 /* YYDiskCache.h */,
				FEF7181B1CF6924B00CE5582 /* YYDiskCache.m */,
				FEF7181C1CF6924B00CE5582 /* YYKVStorage.h */,
				FEF7181D1CF6924B00CE5582 /* YYKVStorage.m */,
				FEF7181E1CF6924B00CE5582 /* YYMemoryCache.h */,
				FEF7181F1CF6924B00CE5582 /* YYMemoryCache.m */,
			);
			path = Cache;
			sourceTree = "<group>";
		};
		FEF718201CF6924B00CE5582 /* Categories */ = {
			isa = PBXGroup;
			children = (
				FEF718211CF6924B00CE5582 /* _YYWebImageSetter.h */,
				FEF718221CF6924B00CE5582 /* _YYWebImageSetter.m */,
				FEF718231CF6924B00CE5582 /* CALayer+YYWebImage.h */,
				FEF718241CF6924B00CE5582 /* CALayer+YYWebImage.m */,
				FEF718251CF6924B00CE5582 /* MKAnnotationView+YYWebImage.h */,
				FEF718261CF6924B00CE5582 /* MKAnnotationView+YYWebImage.m */,
				FEF718271CF6924B00CE5582 /* UIButton+YYWebImage.h */,
				FEF718281CF6924B00CE5582 /* UIButton+YYWebImage.m */,
				FEF718291CF6924B00CE5582 /* UIImage+YYWebImage.h */,
				FEF7182A1CF6924B00CE5582 /* UIImage+YYWebImage.m */,
				FEF7182B1CF6924B00CE5582 /* UIImageView+YYWebImage.h */,
				FEF7182C1CF6924B00CE5582 /* UIImageView+YYWebImage.m */,
			);
			path = Categories;
			sourceTree = "<group>";
		};
		FEF7182D1CF6924B00CE5582 /* Image */ = {
			isa = PBXGroup;
			children = (
				FEF7182E1CF6924B00CE5582 /* YYAnimatedImageView.h */,
				FEF7182F1CF6924B00CE5582 /* YYAnimatedImageView.m */,
				FEF718301CF6924B00CE5582 /* YYFrameImage.h */,
				FEF718311CF6924B00CE5582 /* YYFrameImage.m */,
				FEF718321CF6924B00CE5582 /* YYImage.h */,
				FEF718331CF6924B00CE5582 /* YYImage.m */,
				FEF718341CF6924B00CE5582 /* YYImageCoder.h */,
				FEF718351CF6924B00CE5582 /* YYImageCoder.m */,
				FEF718361CF6924B00CE5582 /* YYSpriteSheetImage.h */,
				FEF718371CF6924B00CE5582 /* YYSpriteSheetImage.m */,
			);
			path = Image;
			sourceTree = "<group>";
		};
		FEF718511CF6939300CE5582 /* Utility */ = {
			isa = PBXGroup;
			children = (
				FEF718581CF69CCC00CE5582 /* YYKitMacro.h */,
				FEF718521CF693A200CE5582 /* YYTimer.h */,
				FEF718531CF693A200CE5582 /* YYTimer.m */,
				FEF718551CF697E500CE5582 /* UIView+YYAdd.h */,
				FEF718561CF697E500CE5582 /* UIView+YYAdd.m */,
			);
			path = Utility;
			sourceTree = "<group>";
		};
		FEF718671CF69E5B00CE5582 /* Framework */ = {
			isa = PBXGroup;
			children = (
				FEF718651CF69E3600CE5582 /* libsqlite3.0.tbd */,
				FEF718631CF69E0500CE5582 /* libz.tbd */,
			);
			path = Framework;
			sourceTree = "<group>";
		};
/* End PBXGroup section */

/* Begin PBXNativeTarget section */
		FEF717BA1CF5A39700CE5582 /* FFCarouselBanner */ = {
			isa = PBXNativeTarget;
			buildConfigurationList = FEF717D21CF5A39700CE5582 /* Build configuration list for PBXNativeTarget "FFCarouselBanner" */;
			buildPhases = (
				FEF717B71CF5A39700CE5582 /* Sources */,
				FEF717B81CF5A39700CE5582 /* Frameworks */,
				FEF717B91CF5A39700CE5582 /* Resources */,
			);
			buildRules = (
			);
			dependencies = (
			);
			name = FFCarouselBanner;
			productName = FFCarouselBanner;
			productReference = FEF717BB1CF5A39700CE5582 /* FFCarouselBanner.app */;
			productType = "com.apple.product-type.application";
		};
/* End PBXNativeTarget section */

/* Begin PBXProject section */
		FEF717B31CF5A39700CE5582 /* Project object */ = {
			isa = PBXProject;
			attributes = {
				LastUpgradeCheck = 0730;
				ORGANIZATIONNAME = Jone;
				TargetAttributes = {
					FEF717BA1CF5A39700CE5582 = {
						CreatedOnToolsVersion = 7.3;
						DevelopmentTeam = 7779KFR2G9;
					};
				};
			};
			buildConfigurationList = FEF717B61CF5A39700CE5582 /* Build configuration list for PBXProject "FFCarouselBanner" */;
			compatibilityVersion = "Xcode 3.2";
			developmentRegion = English;
			hasScannedForEncodings = 0;
			knownRegions = (
				en,
				Base,
			);
			mainGroup = FEF717B21CF5A39700CE5582;
			productRefGroup = FEF717BC1CF5A39700CE5582 /* Products */;
			projectDirPath = "";
			projectRoot = "";
			targets = (
				FEF717BA1CF5A39700CE5582 /* FFCarouselBanner */,
			);
		};
/* End PBXProject section */

/* Begin PBXResourcesBuildPhase section */
		FEF717B91CF5A39700CE5582 /* Resources */ = {
			isa = PBXResourcesBuildPhase;
			buildActionMask = 2147483647;
			files = (
				FEF717CE1CF5A39700CE5582 /* LaunchScreen.storyboard in Resources */,
				FEF717CB1CF5A39700CE5582 /* Assets.xcassets in Resources */,
				FEF717C91CF5A39700CE5582 /* Main.storyboard in Resources */,
			);
			runOnlyForDeploymentPostprocessing = 0;
		};
/* End PBXResourcesBuildPhase section */

/* Begin PBXSourcesBuildPhase section */
		FEF717B71CF5A39700CE5582 /* Sources */ = {
			isa = PBXSourcesBuildPhase;
			buildActionMask = 2147483647;
			files = (
				FEF718441CF6924B00CE5582 /* CALayer+YYWebImage.m in Sources */,
				FEF718421CF6924B00CE5582 /* YYMemoryCache.m in Sources */,
				FEF718411CF6924B00CE5582 /* YYKVStorage.m in Sources */,
				FEF718471CF6924B00CE5582 /* UIImage+YYWebImage.m in Sources */,
				FEF718541CF693A200CE5582 /* YYTimer.m in Sources */,
				FEF7184D1CF6924B00CE5582 /* YYSpriteSheetImage.m in Sources */,
				FEF7186D1CF6ED4800CE5582 /* FFCodeViewController.m in Sources */,
				FEF718481CF6924B00CE5582 /* UIImageView+YYWebImage.m in Sources */,
				FEF718571CF697E500CE5582 /* UIView+YYAdd.m in Sources */,
				FEF7186A1CF6ED3A00CE5582 /* FFXibViewController.m in Sources */,
				FEF718461CF6924B00CE5582 /* UIButton+YYWebImage.m in Sources */,
				FEF718431CF6924B00CE5582 /* _YYWebImageSetter.m in Sources */,
				FEF717D81CF5A45D00CE5582 /* FFCarouselBanner.m in Sources */,
				FEF7184A1CF6924B00CE5582 /* YYFrameImage.m in Sources */,
				FEF718491CF6924B00CE5582 /* YYAnimatedImageView.m in Sources */,
				FEF7184B1CF6924B00CE5582 /* YYImage.m in Sources */,
				FEF718451CF6924B00CE5582 /* MKAnnotationView+YYWebImage.m in Sources */,
				FEF7184E1CF6924B00CE5582 /* YYImageCache.m in Sources */,
				FEF7184F1CF6924B00CE5582 /* YYWebImageManager.m in Sources */,
				FEF717C31CF5A39700CE5582 /* AppDelegate.m in Sources */,
				FEF718401CF6924B00CE5582 /* YYDiskCache.m in Sources */,
				FEF718501CF6924B00CE5582 /* YYWebImageOperation.m in Sources */,
				FEF7184C1CF6924B00CE5582 /* YYImageCoder.m in Sources */,
				FEF717C01CF5A39700CE5582 /* main.m in Sources */,
				FEF7183F1CF6924B00CE5582 /* YYCache.m in Sources */,
			);
			runOnlyForDeploymentPostprocessing = 0;
		};
/* End PBXSourcesBuildPhase section */

/* Begin PBXVariantGroup section */
		FEF717C71CF5A39700CE5582 /* Main.storyboard */ = {
			isa = PBXVariantGroup;
			children = (
				FEF717C81CF5A39700CE5582 /* Base */,
			);
			name = Main.storyboard;
			sourceTree = "<group>";
		};
		FEF717CC1CF5A39700CE5582 /* LaunchScreen.storyboard */ = {
			isa = PBXVariantGroup;
			children = (
				FEF717CD1CF5A39700CE5582 /* Base */,
			);
			name = LaunchScreen.storyboard;
			sourceTree = "<group>";
		};
/* End PBXVariantGroup section */

/* Begin XCBuildConfiguration section */
		FEF717D01CF5A39700CE5582 /* Debug */ = {
			isa = XCBuildConfiguration;
			buildSettings = {
				ALWAYS_SEARCH_USER_PATHS = NO;
				CLANG_ANALYZER_NONNULL = YES;
				CLANG_CXX_LANGUAGE_STANDARD = "gnu++0x";
				CLANG_CXX_LIBRARY = "libc++";
				CLANG_ENABLE_MODULES = YES;
				CLANG_ENABLE_OBJC_ARC = YES;
				CLANG_WARN_BOOL_CONVERSION = YES;
				CLANG_WARN_CONSTANT_CONVERSION = YES;
				CLANG_WARN_DIRECT_OBJC_ISA_USAGE = YES_ERROR;
				CLANG_WARN_EMPTY_BODY = YES;
				CLANG_WARN_ENUM_CONVERSION = YES;
				CLANG_WARN_INT_CONVERSION = YES;
				CLANG_WARN_OBJC_ROOT_CLASS = YES_ERROR;
				CLANG_WARN_UNREACHABLE_CODE = YES;
				CLANG_WARN__DUPLICATE_METHOD_MATCH = YES;
				"CODE_SIGN_IDENTITY[sdk=iphoneos*]" = "iPhone Developer";
				COPY_PHASE_STRIP = NO;
				DEBUG_INFORMATION_FORMAT = dwarf;
				ENABLE_STRICT_OBJC_MSGSEND = YES;
				ENABLE_TESTABILITY = YES;
				GCC_C_LANGUAGE_STANDARD = gnu99;
				GCC_DYNAMIC_NO_PIC = NO;
				GCC_NO_COMMON_BLOCKS = YES;
				GCC_OPTIMIZATION_LEVEL = 0;
				GCC_PREPROCESSOR_DEFINITIONS = (
					"DEBUG=1",
					"$(inherited)",
				);
				GCC_WARN_64_TO_32_BIT_CONVERSION = YES;
				GCC_WARN_ABOUT_RETURN_TYPE = YES_ERROR;
				GCC_WARN_UNDECLARED_SELECTOR = YES;
				GCC_WARN_UNINITIALIZED_AUTOS = YES_AGGRESSIVE;
				GCC_WARN_UNUSED_FUNCTION = YES;
				GCC_WARN_UNUSED_VARIABLE = YES;
				IPHONEOS_DEPLOYMENT_TARGET = 8.0;
				MTL_ENABLE_DEBUG_INFO = YES;
				ONLY_ACTIVE_ARCH = YES;
				SDKROOT = iphoneos;
				TARGETED_DEVICE_FAMILY = "1,2";
			};
			name = Debug;
		};
		FEF717D11CF5A39700CE5582 /* Release */ = {
			isa = XCBuildConfiguration;
			buildSettings = {
				ALWAYS_SEARCH_USER_PATHS = NO;
				CLANG_ANALYZER_NONNULL = YES;
				CLANG_CXX_LANGUAGE_STANDARD = "gnu++0x";
				CLANG_CXX_LIBRARY = "libc++";
				CLANG_ENABLE_MODULES = YES;
				CLANG_ENABLE_OBJC_ARC = YES;
				CLANG_WARN_BOOL_CONVERSION = YES;
				CLANG_WARN_CONSTANT_CONVERSION = YES;
				CLANG_WARN_DIRECT_OBJC_ISA_USAGE = YES_ERROR;
				CLANG_WARN_EMPTY_BODY = YES;
				CLANG_WARN_ENUM_CONVERSION = YES;
				CLANG_WARN_INT_CONVERSION = YES;
				CLANG_WARN_OBJC_ROOT_CLASS = YES_ERROR;
				CLANG_WARN_UNREACHABLE_CODE = YES;
				CLANG_WARN__DUPLICATE_METHOD_MATCH = YES;
				"CODE_SIGN_IDENTITY[sdk=iphoneos*]" = "iPhone Developer";
				COPY_PHASE_STRIP = NO;
				DEBUG_INFORMATION_FORMAT = "dwarf-with-dsym";
				ENABLE_NS_ASSERTIONS = NO;
				ENABLE_STRICT_OBJC_MSGSEND = YES;
				GCC_C_LANGUAGE_STANDARD = gnu99;
				GCC_NO_COMMON_BLOCKS = YES;
				GCC_WARN_64_TO_32_BIT_CONVERSION = YES;
				GCC_WARN_ABOUT_RETURN_TYPE = YES_ERROR;
				GCC_WARN_UNDECLARED_SELECTOR = YES;
				GCC_WARN_UNINITIALIZED_AUTOS = YES_AGGRESSIVE;
				GCC_WARN_UNUSED_FUNCTION = YES;
				GCC_WARN_UNUSED_VARIABLE = YES;
				IPHONEOS_DEPLOYMENT_TARGET = 8.0;
				MTL_ENABLE_DEBUG_INFO = NO;
				SDKROOT = iphoneos;
				TARGETED_DEVICE_FAMILY = "1,2";
				VALIDATE_PRODUCT = YES;
			};
			name = Release;
		};
		FEF717D31CF5A39700CE5582 /* Debug */ = {
			isa = XCBuildConfiguration;
			buildSettings = {
				ASSETCATALOG_COMPILER_APPICON_NAME = AppIcon;
				CODE_SIGN_IDENTITY = "iPhone Developer";
				INFOPLIST_FILE = FFCarouselBanner/Info.plist;
				IPHONEOS_DEPLOYMENT_TARGET = 8.0;
				LD_RUNPATH_SEARCH_PATHS = "$(inherited) @executable_path/Frameworks";
				PRODUCT_BUNDLE_IDENTIFIER = Jone.FFCarouselBanner;
				PRODUCT_NAME = "$(TARGET_NAME)";
			};
			name = Debug;
		};
		FEF717D41CF5A39700CE5582 /* Release */ = {
			isa = XCBuildConfiguration;
			buildSettings = {
				ASSETCATALOG_COMPILER_APPICON_NAME = AppIcon;
				CODE_SIGN_IDENTITY = "iPhone Developer";
				INFOPLIST_FILE = FFCarouselBanner/Info.plist;
				IPHONEOS_DEPLOYMENT_TARGET = 8.0;
				LD_RUNPATH_SEARCH_PATHS = "$(inherited) @executable_path/Frameworks";
				PRODUCT_BUNDLE_IDENTIFIER = Jone.FFCarouselBanner;
				PRODUCT_NAME = "$(TARGET_NAME)";
			};
			name = Release;
		};
/* End XCBuildConfiguration section */

/* Begin XCConfigurationList section */
		FEF717B61CF5A39700CE5582 /* Build configuration list for PBXProject "FFCarouselBanner" */ = {
			isa = XCConfigurationList;
			buildConfigurations = (
				FEF717D01CF5A39700CE5582 /* Debug */,
				FEF717D11CF5A39700CE5582 /* Release */,
			);
			defaultConfigurationIsVisible = 0;
			defaultConfigurationName = Release;
		};
		FEF717D21CF5A39700CE5582 /* Build configuration list for PBXNativeTarget "FFCarouselBanner" */ = {
			isa = XCConfigurationList;
			buildConfigurations = (
				FEF717D31CF5A39700CE5582 /* Debug */,
				FEF717D41CF5A39700CE5582 /* Release */,
			);
			defaultConfigurationIsVisible = 0;
			defaultConfigurationName = Release;
		};
/* End XCConfigurationList section */
	};
	rootObject = FEF717B31CF5A39700CE5582 /* Project object */;
}
