// !$*UTF8*$!
{
	archiveVersion = 1;
	classes = {
	};
	objectVersion = 46;
	objects = {

/* Begin PBXBuildFile section */
		FE56AC721CF96B950037F77F /* FFCodeViewController.m in Sources */ = {isa = PBXBuildFile; fileRef = FE56AC691CF96B950037F77F /* FFCodeViewController.m */; };
		FE56AC731CF96B950037F77F /* FFXibViewController.m in Sources */ = {isa = PBXBuildFile; fileRef = FE56AC6B1CF96B950037F77F /* FFXibViewController.m */; };
		FE56ACA91CF96BC50037F77F /* FFCarouselBanner.m in Sources */ = {isa = PBXBuildFile; fileRef = FE56AC781CF96BC50037F77F /* FFCarouselBanner.m */; };
		FE56ACAA1CF96BC50037F77F /* UIView+YYAdd.m in Sources */ = {isa = PBXBuildFile; fileRef = FE56AC7C1CF96BC50037F77F /* UIView+YYAdd.m */; };
		FE56ACAB1CF96BC50037F77F /* YYTimer.m in Sources */ = {isa = PBXBuildFile; fileRef = FE56AC7F1CF96BC50037F77F /* YYTimer.m */; };
		FE56ACAC1CF96BC50037F77F /* YYCache.m in Sources */ = {isa = PBXBuildFile; fileRef = FE56AC831CF96BC50037F77F /* YYCache.m */; };
		FE56ACAD1CF96BC50037F77F /* YYDiskCache.m in Sources */ = {isa = PBXBuildFile; fileRef = FE56AC851CF96BC50037F77F /* YYDiskCache.m */; };
		FE56ACAE1CF96BC50037F77F /* YYKVStorage.m in Sources */ = {isa = PBXBuildFile; fileRef = FE56AC871CF96BC50037F77F /* YYKVStorage.m */; };
		FE56ACAF1CF96BC50037F77F /* YYMemoryCache.m in Sources */ = {isa = PBXBuildFile; fileRef = FE56AC891CF96BC50037F77F /* YYMemoryCache.m */; };
		FE56ACB01CF96BC50037F77F /* _YYWebImageSetter.m in Sources */ = {isa = PBXBuildFile; fileRef = FE56AC8C1CF96BC50037F77F /* _YYWebImageSetter.m */; };
		FE56ACB11CF96BC50037F77F /* CALayer+YYWebImage.m in Sources */ = {isa = PBXBuildFile; fileRef = FE56AC8E1CF96BC50037F77F /* CALayer+YYWebImage.m */; };
		FE56ACB21CF96BC50037F77F /* MKAnnotationView+YYWebImage.m in Sources */ = {isa = PBXBuildFile; fileRef = FE56AC901CF96BC50037F77F /* MKAnnotationView+YYWebImage.m */; };
		FE56ACB31CF96BC50037F77F /* UIButton+YYWebImage.m in Sources */ = {isa = PBXBuildFile; fileRef = FE56AC921CF96BC50037F77F /* UIButton+YYWebImage.m */; };
		FE56ACB41CF96BC50037F77F /* UIImage+YYWebImage.m in Sources */ = {isa = PBXBuildFile; fileRef = FE56AC941CF96BC50037F77F /* UIImage+YYWebImage.m */; };
		FE56ACB51CF96BC50037F77F /* UIImageView+YYWebImage.m in Sources */ = {isa = PBXBuildFile; fileRef = FE56AC961CF96BC50037F77F /* UIImageView+YYWebImage.m */; };
		FE56ACB61CF96BC50037F77F /* YYAnimatedImageView.m in Sources */ = {isa = PBXBuildFile; fileRef = FE56AC991CF96BC50037F77F /* YYAnimatedImageView.m */; };
		FE56ACB71CF96BC50037F77F /* YYFrameImage.m in Sources */ = {isa = PBXBuildFile; fileRef = FE56AC9B1CF96BC50037F77F /* YYFrameImage.m */; };
		FE56ACB81CF96BC50037F77F /* YYImage.m in Sources */ = {isa = PBXBuildFile; fileRef = FE56AC9D1CF96BC50037F77F /* YYImage.m */; };
		FE56ACB91CF96BC50037F77F /* YYImageCoder.m in Sources */ = {isa = PBXBuildFile; fileRef = FE56AC9F1CF96BC50037F77F /* YYImageCoder.m */; };
		FE56ACBA1CF96BC50037F77F /* YYSpriteSheetImage.m in Sources */ = {isa = PBXBuildFile; fileRef = FE56ACA11CF96BC50037F77F /* YYSpriteSheetImage.m */; };
		FE56ACBB1CF96BC50037F77F /* YYImageCache.m in Sources */ = {isa = PBXBuildFile; fileRef = FE56ACA31CF96BC50037F77F /* YYImageCache.m */; };
		FE56ACBC1CF96BC50037F77F /* YYWebImageManager.m in Sources */ = {isa = PBXBuildFile; fileRef = FE56ACA61CF96BC50037F77F /* YYWebImageManager.m */; };
		FE56ACBD1CF96BC50037F77F /* YYWebImageOperation.m in Sources */ = {isa = PBXBuildFile; fileRef = FE56ACA81CF96BC50037F77F /* YYWebImageOperation.m */; };
		FE5E90931CF95DDB00DCCEE4 /* main.m in Sources */ = {isa = PBXBuildFile; fileRef = FE5E90911CF95DDB00DCCEE4 /* main.m */; };
		FE5E90971CF95DE600DCCEE4 /* AppDelegate.m in Sources */ = {isa = PBXBuildFile; fileRef = FE5E90951CF95DE600DCCEE4 /* AppDelegate.m */; };
		FE5E90981CF95DE600DCCEE4 /* Assets.xcassets in Resources */ = {isa = PBXBuildFile; fileRef = FE5E90961CF95DE600DCCEE4 /* Assets.xcassets */; };
		FE5E909D1CF95DEC00DCCEE4 /* LaunchScreen.storyboard in Resources */ = {isa = PBXBuildFile; fileRef = FE5E90991CF95DEC00DCCEE4 /* LaunchScreen.storyboard */; };
		FE5E909E1CF95DEC00DCCEE4 /* Main.storyboard in Resources */ = {isa = PBXBuildFile; fileRef = FE5E909B1CF95DEC00DCCEE4 /* Main.storyboard */; };
		FEF718641CF69E0500CE5582 /* libz.tbd in Frameworks */ = {isa = PBXBuildFile; fileRef = FEF718631CF69E0500CE5582 /* libz.tbd */; };
		FEF718661CF69E3600CE5582 /* libsqlite3.0.tbd in Frameworks */ = {isa = PBXBuildFile; fileRef = FEF718651CF69E3600CE5582 /* libsqlite3.0.tbd */; };
/* End PBXBuildFile section */

/* Begin PBXFileReference section */
		FE56AC681CF96B950037F77F /* FFCodeViewController.h */ = {isa = PBXFileReference; fileEncoding = 4; lastKnownFileType = sourcecode.c.h; path = FFCodeViewController.h; sourceTree = "<group>"; };
		FE56AC691CF96B950037F77F /* FFCodeViewController.m */ = {isa = PBXFileReference; fileEncoding = 4; lastKnownFileType = sourcecode.c.objc; path = FFCodeViewController.m; sourceTree = "<group>"; };
		FE56AC6A1CF96B950037F77F /* FFXibViewController.h */ = {isa = PBXFileReference; fileEncoding = 4; lastKnownFileType = sourcecode.c.h; path = FFXibViewController.h; sourceTree = "<group>"; };
		FE56AC6B1CF96B950037F77F /* FFXibViewController.m */ = {isa = PBXFileReference; fileEncoding = 4; lastKnownFileType = sourcecode.c.objc; path = FFXibViewController.m; sourceTree = "<group>"; };
		FE56AC771CF96BC50037F77F /* FFCarouselBanner.h */ = {isa = PBXFileReference; fileEncoding = 4; lastKnownFileType = sourcecode.c.h; path = FFCarouselBanner.h; sourceTree = "<group>"; };
		FE56AC781CF96BC50037F77F /* FFCarouselBanner.m */ = {isa = PBXFileReference; fileEncoding = 4; lastKnownFileType = sourcecode.c.objc; path = FFCarouselBanner.m; sourceTree = "<group>"; };
		FE56AC7B1CF96BC50037F77F /* UIView+YYAdd.h */ = {isa = PBXFileReference; fileEncoding = 4; lastKnownFileType = sourcecode.c.h; path = "UIView+YYAdd.h"; sourceTree = "<group>"; };
		FE56AC7C1CF96BC50037F77F /* UIView+YYAdd.m */ = {isa = PBXFileReference; fileEncoding = 4; lastKnownFileType = sourcecode.c.objc; path = "UIView+YYAdd.m"; sourceTree = "<group>"; };
		FE56AC7D1CF96BC50037F77F /* YYKitMacro.h */ = {isa = PBXFileReference; fileEncoding = 4; lastKnownFileType = sourcecode.c.h; path = YYKitMacro.h; sourceTree = "<group>"; };
		FE56AC7E1CF96BC50037F77F /* YYTimer.h */ = {isa = PBXFileReference; fileEncoding = 4; lastKnownFileType = sourcecode.c.h; path = YYTimer.h; sourceTree = "<group>"; };
		FE56AC7F1CF96BC50037F77F /* YYTimer.m */ = {isa = PBXFileReference; fileEncoding = 4; lastKnownFileType = sourcecode.c.objc; path = YYTimer.m; sourceTree = "<group>"; };
		FE56AC821CF96BC50037F77F /* YYCache.h */ = {isa = PBXFileReference; fileEncoding = 4; lastKnownFileType = sourcecode.c.h; path = YYCache.h; sourceTree = "<group>"; };
		FE56AC831CF96BC50037F77F /* YYCache.m */ = {isa = PBXFileReference; fileEncoding = 4; lastKnownFileType = sourcecode.c.objc; path = YYCache.m; sourceTree = "<group>"; };
		FE56AC841CF96BC50037F77F /* YYDiskCache.h */ = {isa = PBXFileReference; fileEncoding = 4; lastKnownFileType = sourcecode.c.h; path = YYDiskCache.h; sourceTree = "<group>"; };
		FE56AC851CF96BC50037F77F /* YYDiskCache.m */ = {isa = PBXFileReference; fileEncoding = 4; lastKnownFileType = sourcecode.c.objc; path = YYDiskCache.m; sourceTree = "<group>"; };
		FE56AC861CF96BC50037F77F /* YYKVStorage.h */ = {isa = PBXFileReference; fileEncoding = 4; lastKnownFileType = sourcecode.c.h; path = YYKVStorage.h; sourceTree = "<group>"; };
		FE56AC871CF96BC50037F77F /* YYKVStorage.m */ = {isa = PBXFileReference; fileEncoding = 4; lastKnownFileType = sourcecode.c.objc; path = YYKVStorage.m; sourceTree = "<group>"; };
		FE56AC881CF96BC50037F77F /* YYMemoryCache.h */ = {isa = PBXFileReference; fileEncoding = 4; lastKnownFileType = sourcecode.c.h; path = YYMemoryCache.h; sourceTree = "<group>"; };
		FE56AC891CF96BC50037F77F /* YYMemoryCache.m */ = {isa = PBXFileReference; fileEncoding = 4; lastKnownFileType = sourcecode.c.objc; path = YYMemoryCache.m; sourceTree = "<group>"; };
		FE56AC8B1CF96BC50037F77F /* _YYWebImageSetter.h */ = {isa = PBXFileReference; fileEncoding = 4; lastKnownFileType = sourcecode.c.h; path = _YYWebImageSetter.h; sourceTree = "<group>"; };
		FE56AC8C1CF96BC50037F77F /* _YYWebImageSetter.m */ = {isa = PBXFileReference; fileEncoding = 4; lastKnownFileType = sourcecode.c.objc; path = _YYWebImageSetter.m; sourceTree = "<group>"; };
		FE56AC8D1CF96BC50037F77F /* CALayer+YYWebImage.h */ = {isa = PBXFileReference; fileEncoding = 4; lastKnownFileType = sourcecode.c.h; path = "CALayer+YYWebImage.h"; sourceTree = "<group>"; };
		FE56AC8E1CF96BC50037F77F /* CALayer+YYWebImage.m */ = {isa = PBXFileReference; fileEncoding = 4; lastKnownFileType = sourcecode.c.objc; path = "CALayer+YYWebImage.m"; sourceTree = "<group>"; };
		FE56AC8F1CF96BC50037F77F /* MKAnnotationView+YYWebImage.h */ = {isa = PBXFileReference; fileEncoding = 4; lastKnownFileType = sourcecode.c.h; path = "MKAnnotationView+YYWebImage.h"; sourceTree = "<group>"; };
		FE56AC901CF96BC50037F77F /* MKAnnotationView+YYWebImage.m */ = {isa = PBXFileReference; fileEncoding = 4; lastKnownFileType = sourcecode.c.objc; path = "MKAnnotationView+YYWebImage.m"; sourceTree = "<group>"; };
		FE56AC911CF96BC50037F77F /* UIButton+YYWebImage.h */ = {isa = PBXFileReference; fileEncoding = 4; lastKnownFileType = sourcecode.c.h; path = "UIButton+YYWebImage.h"; sourceTree = "<group>"; };
		FE56AC921CF96BC50037F77F /* UIButton+YYWebImage.m */ = {isa = PBXFileReference; fileEncoding = 4; lastKnownFileType = sourcecode.c.objc; path = "UIButton+YYWebImage.m"; sourceTree = "<group>"; };
		FE56AC931CF96BC50037F77F /* UIImage+YYWebImage.h */ = {isa = PBXFileReference; fileEncoding = 4; lastKnownFileType = sourcecode.c.h; path = "UIImage+YYWebImage.h"; sourceTree = "<group>"; };
		FE56AC941CF96BC50037F77F /* UIImage+YYWebImage.m */ = {isa = PBXFileReference; fileEncoding = 4; lastKnownFileType = sourcecode.c.objc; path = "UIImage+YYWebImage.m"; sourceTree = "<group>"; };
		FE56AC951CF96BC50037F77F /* UIImageView+YYWebImage.h */ = {isa = PBXFileReference; fileEncoding = 4; lastKnownFileType = sourcecode.c.h; path = "UIImageView+YYWebImage.h"; sourceTree = "<group>"; };
		FE56AC961CF96BC50037F77F /* UIImageView+YYWebImage.m */ = {isa = PBXFileReference; fileEncoding = 4; lastKnownFileType = sourcecode.c.objc; path = "UIImageView+YYWebImage.m"; sourceTree = "<group>"; };
		FE56AC981CF96BC50037F77F /* YYAnimatedImageView.h */ = {isa = PBXFileReference; fileEncoding = 4; lastKnownFileType = sourcecode.c.h; path = YYAnimatedImageView.h; sourceTree = "<group>"; };
		FE56AC991CF96BC50037F77F /* YYAnimatedImageView.m */ = {isa = PBXFileReference; fileEncoding = 4; lastKnownFileType = sourcecode.c.objc; path = YYAnimatedImageView.m; sourceTree = "<group>"; };
		FE56AC9A1CF96BC50037F77F /* YYFrameImage.h */ = {isa = PBXFileReference; fileEncoding = 4; lastKnownFileType = sourcecode.c.h; path = YYFrameImage.h; sourceTree = "<group>"; };
		FE56AC9B1CF96BC50037F77F /* YYFrameImage.m */ = {isa = PBXFileReference; fileEncoding = 4; lastKnownFileType = sourcecode.c.objc; path = YYFrameImage.m; sourceTree = "<group>"; };
		FE56AC9C1CF96BC50037F77F /* YYImage.h */ = {isa = PBXFileReference; fileEncoding = 4; lastKnownFileType = sourcecode.c.h; path = YYImage.h; sourceTree = "<group>"; };
		FE56AC9D1CF96BC50037F77F /* YYImage.m */ = {isa = PBXFileReference; fileEncoding = 4; lastKnownFileType = sourcecode.c.objc; path = YYImage.m; sourceTree = "<group>"; };
		FE56AC9E1CF96BC50037F77F /* YYImageCoder.h */ = {isa = PBXFileReference; fileEncoding = 4; lastKnownFileType = sourcecode.c.h; path = YYImageCoder.h; sourceTree = "<group>"; };
		FE56AC9F1CF96BC50037F77F /* YYImageCoder.m */ = {isa = PBXFileReference; fileEncoding = 4; lastKnownFileType = sourcecode.c.objc; path = YYImageCoder.m; sourceTree = "<group>"; };
		FE56ACA01CF96BC50037F77F /* YYSpriteSheetImage.h */ = {isa = PBXFileReference; fileEncoding = 4; lastKnownFileType = sourcecode.c.h; path = YYSpriteSheetImage.h; sourceTree = "<group>"; };
		FE56ACA11CF96BC50037F77F /* YYSpriteSheetImage.m */ = {isa = PBXFileReference; fileEncoding = 4; lastKnownFileType = sourcecode.c.objc; path = YYSpriteSheetImage.m; sourceTree = "<group>"; };
		FE56ACA21CF96BC50037F77F /* YYImageCache.h */ = {isa = PBXFileReference; fileEncoding = 4; lastKnownFileType = sourcecode.c.h; path = YYImageCache.h; sourceTree = "<group>"; };
		FE56ACA31CF96BC50037F77F /* YYImageCache.m */ = {isa = PBXFileReference; fileEncoding = 4; lastKnownFileType = sourcecode.c.objc; path = YYImageCache.m; sourceTree = "<group>"; };
		FE56ACA41CF96BC50037F77F /* YYWebImage.h */ = {isa = PBXFileReference; fileEncoding = 4; lastKnownFileType = sourcecode.c.h; path = YYWebImage.h; sourceTree = "<group>"; };
		FE56ACA51CF96BC50037F77F /* YYWebImageManager.h */ = {isa = PBXFileReference; fileEncoding = 4; lastKnownFileType = sourcecode.c.h; path = YYWebImageManager.h; sourceTree = "<group>"; };
		FE56ACA61CF96BC50037F77F /* YYWebImageManager.m */ = {isa = PBXFileReference; fileEncoding = 4; lastKnownFileType = sourcecode.c.objc; path = YYWebImageManager.m; sourceTree = "<group>"; };
		FE56ACA71CF96BC50037F77F /* YYWebImageOperation.h */ = {isa = PBXFileReference; fileEncoding = 4; lastKnownFileType = sourcecode.c.h; path = YYWebImageOperation.h; sourceTree = "<group>"; };
		FE56ACA81CF96BC50037F77F /* YYWebImageOperation.m */ = {isa = PBXFileReference; fileEncoding = 4; lastKnownFileType = sourcecode.c.objc; path = YYWebImageOperation.m; sourceTree = "<group>"; };
		FE5E90901CF95DDB00DCCEE4 /* Info.plist */ = {isa = PBXFileReference; fileEncoding = 4; lastKnownFileType = text.plist.xml; name = Info.plist; path = FFCarouselBannerDemo/Info.plist; sourceTree = SOURCE_ROOT; };
		FE5E90911CF95DDB00DCCEE4 /* main.m */ = {isa = PBXFileReference; fileEncoding = 4; lastKnownFileType = sourcecode.c.objc; name = main.m; path = FFCarouselBannerDemo/main.m; sourceTree = SOURCE_ROOT; };
		FE5E90941CF95DE600DCCEE4 /* AppDelegate.h */ = {isa = PBXFileReference; fileEncoding = 4; lastKnownFileType = sourcecode.c.h; name = AppDelegate.h; path = FFCarouselBannerDemo/AppDelegate.h; sourceTree = SOURCE_ROOT; };
		FE5E90951CF95DE600DCCEE4 /* AppDelegate.m */ = {isa = PBXFileReference; fileEncoding = 4; lastKnownFileType = sourcecode.c.objc; name = AppDelegate.m; path = FFCarouselBannerDemo/AppDelegate.m; sourceTree = SOURCE_ROOT; };
		FE5E90961CF95DE600DCCEE4 /* Assets.xcassets */ = {isa = PBXFileReference; lastKnownFileType = folder.assetcatalog; name = Assets.xcassets; path = FFCarouselBannerDemo/Assets.xcassets; sourceTree = SOURCE_ROOT; };
		FE5E909A1CF95DEC00DCCEE4 /* Base */ = {isa = PBXFileReference; lastKnownFileType = file.storyboard; name = Base; path = FFCarouselBannerDemo/Base.lproj/LaunchScreen.storyboard; sourceTree = SOURCE_ROOT; };
		FE5E909C1CF95DEC00DCCEE4 /* Base */ = {isa = PBXFileReference; lastKnownFileType = file.storyboard; name = Base; path = FFCarouselBannerDemo/Base.lproj/Main.storyboard; sourceTree = SOURCE_ROOT; };
		FEF717BB1CF5A39700CE5582 /* FFCarouselBanner.app */ = {isa = PBXFileReference; explicitFileType = wrapper.application; includeInIndex = 0; path = FFCarouselBanner.app; sourceTree = BUILT_PRODUCTS_DIR; };
		FEF718631CF69E0500CE5582 /* libz.tbd */ = {isa = PBXFileReference; lastKnownFileType = "sourcecode.text-based-dylib-definition"; name = libz.tbd; path = usr/lib/libz.tbd; sourceTree = SDKROOT; };
		FEF718651CF69E3600CE5582 /* libsqlite3.0.tbd */ = {isa = PBXFileReference; lastKnownFileType = "sourcecode.text-based-dylib-definition"; name = libsqlite3.0.tbd; path = usr/lib/libsqlite3.0.tbd; sourceTree = SDKROOT; };
/* End PBXFileReference section */

/* Begin PBXFrameworksBuildPhase section */
		FEF717B81CF5A39700CE5582 /* Frameworks */ = {
			isa = PBXFrameworksBuildPhase;
			buildActionMask = 2147483647;
			files = (
				FEF718661CF69E3600CE5582 /* libsqlite3.0.tbd in Frameworks */,
				FEF718641CF69E0500CE5582 /* libz.tbd in Frameworks */,
			);
			runOnlyForDeploymentPostprocessing = 0;
		};
/* End PBXFrameworksBuildPhase section */

/* Begin PBXGroup section */
		FE56AC601CF96B950037F77F /* FFCarouselBannerDemo */ = {
			isa = PBXGroup;
			children = (
				FE5E909B1CF95DEC00DCCEE4 /* Main.storyboard */,
				FE56AC6A1CF96B950037F77F /* FFXibViewController.h */,
				FE56AC6B1CF96B950037F77F /* FFXibViewController.m */,
				FE56AC681CF96B950037F77F /* FFCodeViewController.h */,
				FE56AC691CF96B950037F77F /* FFCodeViewController.m */,
			);
			path = FFCarouselBannerDemo;
			sourceTree = "<group>";
		};
		FE56AC761CF96BC50037F77F /* FFCarouselBanner */ = {
			isa = PBXGroup;
			children = (
				FE56AC791CF96BC50037F77F /* YYKit */,
				FE56AC771CF96BC50037F77F /* FFCarouselBanner.h */,
				FE56AC781CF96BC50037F77F /* FFCarouselBanner.m */,
			);
			name = FFCarouselBanner;
			path = ../FFCarouselBanner;
			sourceTree = "<group>";
		};
		FE56AC791CF96BC50037F77F /* YYKit */ = {
			isa = PBXGroup;
			children = (
				FE56AC7A1CF96BC50037F77F /* Utility */,
				FE56AC801CF96BC50037F77F /* YYWebImage */,
			);
			path = YYKit;
			sourceTree = "<group>";
		};
		FE56AC7A1CF96BC50037F77F /* Utility */ = {
			isa = PBXGroup;
			children = (
				FE56AC7B1CF96BC50037F77F /* UIView+YYAdd.h */,
				FE56AC7C1CF96BC50037F77F /* UIView+YYAdd.m */,
				FE56AC7D1CF96BC50037F77F /* YYKitMacro.h */,
				FE56AC7E1CF96BC50037F77F /* YYTimer.h */,
				FE56AC7F1CF96BC50037F77F /* YYTimer.m */,
			);
			path = Utility;
			sourceTree = "<group>";
		};
		FE56AC801CF96BC50037F77F /* YYWebImage */ = {
			isa = PBXGroup;
			children = (
				FE56AC811CF96BC50037F77F /* Cache */,
				FE56AC8A1CF96BC50037F77F /* Categories */,
				FE56AC971CF96BC50037F77F /* Image */,
				FE56ACA21CF96BC50037F77F /* YYImageCache.h */,
				FE56ACA31CF96BC50037F77F /* YYImageCache.m */,
				FE56ACA41CF96BC50037F77F /* YYWebImage.h */,
				FE56ACA51CF96BC50037F77F /* YYWebImageManager.h */,
				FE56ACA61CF96BC50037F77F /* YYWebImageManager.m */,
				FE56ACA71CF96BC50037F77F /* YYWebImageOperation.h */,
				FE56ACA81CF96BC50037F77F /* YYWebImageOperation.m */,
			);
			path = YYWebImage;
			sourceTree = "<group>";
		};
		FE56AC811CF96BC50037F77F /* Cache */ = {
			isa = PBXGroup;
			children = (
				FE56AC821CF96BC50037F77F /* YYCache.h */,
				FE56AC831CF96BC50037F77F /* YYCache.m */,
				FE56AC841CF96BC50037F77F /* YYDiskCache.h */,
				FE56AC851CF96BC50037F77F /* YYDiskCache.m */,
				FE56AC861CF96BC50037F77F /* YYKVStorage.h */,
				FE56AC871CF96BC50037F77F /* YYKVStorage.m */,
				FE56AC881CF96BC50037F77F /* YYMemoryCache.h */,
				FE56AC891CF96BC50037F77F /* YYMemoryCache.m */,
			);
			path = Cache;
			sourceTree = "<group>";
		};
		FE56AC8A1CF96BC50037F77F /* Categories */ = {
			isa = PBXGroup;
			children = (
				FE56AC8B1CF96BC50037F77F /* _YYWebImageSetter.h */,
				FE56AC8C1CF96BC50037F77F /* _YYWebImageSetter.m */,
				FE56AC8D1CF96BC50037F77F /* CALayer+YYWebImage.h */,
				FE56AC8E1CF96BC50037F77F /* CALayer+YYWebImage.m */,
				FE56AC8F1CF96BC50037F77F /* MKAnnotationView+YYWebImage.h */,
				FE56AC901CF96BC50037F77F /* MKAnnotationView+YYWebImage.m */,
				FE56AC911CF96BC50037F77F /* UIButton+YYWebImage.h */,
				FE56AC921CF96BC50037F77F /* UIButton+YYWebImage.m */,
				FE56AC931CF96BC50037F77F /* UIImage+YYWebImage.h */,
				FE56AC941CF96BC50037F77F /* UIImage+YYWebImage.m */,
				FE56AC951CF96BC50037F77F /* UIImageView+YYWebImage.h */,
				FE56AC961CF96BC50037F77F /* UIImageView+YYWebImage.m */,
			);
			path = Categories;
			sourceTree = "<group>";
		};
		FE56AC971CF96BC50037F77F /* Image */ = {
			isa = PBXGroup;
			children = (
				FE56AC981CF96BC50037F77F /* YYAnimatedImageView.h */,
				FE56AC991CF96BC50037F77F /* YYAnimatedImageView.m */,
				FE56AC9A1CF96BC50037F77F /* YYFrameImage.h */,
				FE56AC9B1CF96BC50037F77F /* YYFrameImage.m */,
				FE56AC9C1CF96BC50037F77F /* YYImage.h */,
				FE56AC9D1CF96BC50037F77F /* YYImage.m */,
				FE56AC9E1CF96BC50037F77F /* YYImageCoder.h */,
				FE56AC9F1CF96BC50037F77F /* YYImageCoder.m */,
				FE56ACA01CF96BC50037F77F /* YYSpriteSheetImage.h */,
				FE56ACA11CF96BC50037F77F /* YYSpriteSheetImage.m */,
			);
			path = Image;
			sourceTree = "<group>";
		};
		FEF717B21CF5A39700CE5582 = {
			isa = PBXGroup;
			children = (
				FE56AC761CF96BC50037F77F /* FFCarouselBanner */,
				FE56AC601CF96B950037F77F /* FFCarouselBannerDemo */,
				FEF718671CF69E5B00CE5582 /* Framework */,
				FEF717BE1CF5A39700CE5582 /* Supporting Files */,
				FEF717BC1CF5A39700CE5582 /* Products */,
			);
			sourceTree = "<group>";
		};
		FEF717BC1CF5A39700CE5582 /* Products */ = {
			isa = PBXGroup;
			children = (
				FEF717BB1CF5A39700CE5582 /* FFCarouselBanner.app */,
			);
			name = Products;
			sourceTree = "<group>";
		};
		FEF717BE1CF5A39700CE5582 /* Supporting Files */ = {
			isa = PBXGroup;
			children = (
				FE5E90901CF95DDB00DCCEE4 /* Info.plist */,
				FE5E90911CF95DDB00DCCEE4 /* main.m */,
				FE5E90941CF95DE600DCCEE4 /* AppDelegate.h */,
				FE5E90951CF95DE600DCCEE4 /* AppDelegate.m */,
				FE5E90961CF95DE600DCCEE4 /* Assets.xcassets */,
				FE5E90991CF95DEC00DCCEE4 /* LaunchScreen.storyboard */,
			);
			name = "Supporting Files";
			path = FFCarouselBanner;
			sourceTree = "<group>";
		};
		FEF718671CF69E5B00CE5582 /* Framework */ = {
			isa = PBXGroup;
			children = (
				FEF718651CF69E3600CE5582 /* libsqlite3.0.tbd */,
				FEF718631CF69E0500CE5582 /* libz.tbd */,
			);
			name = Framework;
			path = FFCarouselBanner/Framework;
			sourceTree = "<group>";
		};
/* End PBXGroup section */

/* Begin PBXNativeTarget section */
		FEF717BA1CF5A39700CE5582 /* FFCarouselBanner */ = {
			isa = PBXNativeTarget;
			buildConfigurationList = FEF717D21CF5A39700CE5582 /* Build configuration list for PBXNativeTarget "FFCarouselBanner" */;
			buildPhases = (
				FEF717B71CF5A39700CE5582 /* Sources */,
				FEF717B81CF5A39700CE5582 /* Frameworks */,
				FEF717B91CF5A39700CE5582 /* Resources */,
			);
			buildRules = (
			);
			dependencies = (
			);
			name = FFCarouselBanner;
			productName = FFCarouselBanner;
			productReference = FEF717BB1CF5A39700CE5582 /* FFCarouselBanner.app */;
			productType = "com.apple.product-type.application";
		};
/* End PBXNativeTarget section */

/* Begin PBXProject section */
		FEF717B31CF5A39700CE5582 /* Project object */ = {
			isa = PBXProject;
			attributes = {
				LastUpgradeCheck = 0730;
				ORGANIZATIONNAME = Jone;
				TargetAttributes = {
					FEF717BA1CF5A39700CE5582 = {
						CreatedOnToolsVersion = 7.3;
						DevelopmentTeam = 7779KFR2G9;
					};
				};
			};
			buildConfigurationList = FEF717B61CF5A39700CE5582 /* Build configuration list for PBXProject "FFCarouselBanner" */;
			compatibilityVersion = "Xcode 3.2";
			developmentRegion = English;
			hasScannedForEncodings = 0;
			knownRegions = (
				en,
				Base,
			);
			mainGroup = FEF717B21CF5A39700CE5582;
			productRefGroup = FEF717BC1CF5A39700CE5582 /* Products */;
			projectDirPath = "";
			projectRoot = "";
			targets = (
				FEF717BA1CF5A39700CE5582 /* FFCarouselBanner */,
			);
		};
/* End PBXProject section */

/* Begin PBXResourcesBuildPhase section */
		FEF717B91CF5A39700CE5582 /* Resources */ = {
			isa = PBXResourcesBuildPhase;
			buildActionMask = 2147483647;
			files = (
				FE5E909D1CF95DEC00DCCEE4 /* LaunchScreen.storyboard in Resources */,
				FE5E90981CF95DE600DCCEE4 /* Assets.xcassets in Resources */,
				FE5E909E1CF95DEC00DCCEE4 /* Main.storyboard in Resources */,
			);
			runOnlyForDeploymentPostprocessing = 0;
		};
/* End PBXResourcesBuildPhase section */

/* Begin PBXSourcesBuildPhase section */
		FEF717B71CF5A39700CE5582 /* Sources */ = {
			isa = PBXSourcesBuildPhase;
			buildActionMask = 2147483647;
			files = (
				FE56ACB21CF96BC50037F77F /* MKAnnotationView+YYWebImage.m in Sources */,
				FE56AC721CF96B950037F77F /* FFCodeViewController.m in Sources */,
				FE56AC731CF96B950037F77F /* FFXibViewController.m in Sources */,
				FE56ACB61CF96BC50037F77F /* YYAnimatedImageView.m in Sources */,
				FE56ACAC1CF96BC50037F77F /* YYCache.m in Sources */,
				FE56ACB51CF96BC50037F77F /* UIImageView+YYWebImage.m in Sources */,
				FE56ACB01CF96BC50037F77F /* _YYWebImageSetter.m in Sources */,
				FE56ACAD1CF96BC50037F77F /* YYDiskCache.m in Sources */,
				FE56ACBA1CF96BC50037F77F /* YYSpriteSheetImage.m in Sources */,
				FE56ACB11CF96BC50037F77F /* CALayer+YYWebImage.m in Sources */,
				FE56ACBB1CF96BC50037F77F /* YYImageCache.m in Sources */,
				FE56ACB81CF96BC50037F77F /* YYImage.m in Sources */,
				FE56ACBC1CF96BC50037F77F /* YYWebImageManager.m in Sources */,
				FE56ACBD1CF96BC50037F77F /* YYWebImageOperation.m in Sources */,
				FE56ACAE1CF96BC50037F77F /* YYKVStorage.m in Sources */,
				FE56ACAA1CF96BC50037F77F /* UIView+YYAdd.m in Sources */,
				FE56ACB91CF96BC50037F77F /* YYImageCoder.m in Sources */,
				FE56ACA91CF96BC50037F77F /* FFCarouselBanner.m in Sources */,
				FE56ACAF1CF96BC50037F77F /* YYMemoryCache.m in Sources */,
				FE56ACAB1CF96BC50037F77F /* YYTimer.m in Sources */,
				FE56ACB71CF96BC50037F77F /* YYFrameImage.m in Sources */,
				FE5E90971CF95DE600DCCEE4 /* AppDelegate.m in Sources */,
				FE56ACB31CF96BC50037F77F /* UIButton+YYWebImage.m in Sources */,
				FE56ACB41CF96BC50037F77F /* UIImage+YYWebImage.m in Sources */,
				FE5E90931CF95DDB00DCCEE4 /* main.m in Sources */,
			);
			runOnlyForDeploymentPostprocessing = 0;
		};
/* End PBXSourcesBuildPhase section */

/* Begin PBXVariantGroup section */
		FE5E90991CF95DEC00DCCEE4 /* LaunchScreen.storyboard */ = {
			isa = PBXVariantGroup;
			children = (
				FE5E909A1CF95DEC00DCCEE4 /* Base */,
			);
			name = LaunchScreen.storyboard;
			sourceTree = "<group>";
		};
		FE5E909B1CF95DEC00DCCEE4 /* Main.storyboard */ = {
			isa = PBXVariantGroup;
			children = (
				FE5E909C1CF95DEC00DCCEE4 /* Base */,
			);
			name = Main.storyboard;
			path = ../FFCarouselBanner;
			sourceTree = "<group>";
		};
/* End PBXVariantGroup section */

/* Begin XCBuildConfiguration section */
		FEF717D01CF5A39700CE5582 /* Debug */ = {
			isa = XCBuildConfiguration;
			buildSettings = {
				ALWAYS_SEARCH_USER_PATHS = NO;
				CLANG_ANALYZER_NONNULL = YES;
				CLANG_CXX_LANGUAGE_STANDARD = "gnu++0x";
				CLANG_CXX_LIBRARY = "libc++";
				CLANG_ENABLE_MODULES = YES;
				CLANG_ENABLE_OBJC_ARC = YES;
				CLANG_WARN_BOOL_CONVERSION = YES;
				CLANG_WARN_CONSTANT_CONVERSION = YES;
				CLANG_WARN_DIRECT_OBJC_ISA_USAGE = YES_ERROR;
				CLANG_WARN_EMPTY_BODY = YES;
				CLANG_WARN_ENUM_CONVERSION = YES;
				CLANG_WARN_INT_CONVERSION = YES;
				CLANG_WARN_OBJC_ROOT_CLASS = YES_ERROR;
				CLANG_WARN_UNREACHABLE_CODE = YES;
				CLANG_WARN__DUPLICATE_METHOD_MATCH = YES;
				"CODE_SIGN_IDENTITY[sdk=iphoneos*]" = "iPhone Developer";
				COPY_PHASE_STRIP = NO;
				DEBUG_INFORMATION_FORMAT = dwarf;
				ENABLE_STRICT_OBJC_MSGSEND = YES;
				ENABLE_TESTABILITY = YES;
				GCC_C_LANGUAGE_STANDARD = gnu99;
				GCC_DYNAMIC_NO_PIC = NO;
				GCC_NO_COMMON_BLOCKS = YES;
				GCC_OPTIMIZATION_LEVEL = 0;
				GCC_PREPROCESSOR_DEFINITIONS = (
					"DEBUG=1",
					"$(inherited)",
				);
				GCC_WARN_64_TO_32_BIT_CONVERSION = YES;
				GCC_WARN_ABOUT_RETURN_TYPE = YES_ERROR;
				GCC_WARN_UNDECLARED_SELECTOR = YES;
				GCC_WARN_UNINITIALIZED_AUTOS = YES_AGGRESSIVE;
				GCC_WARN_UNUSED_FUNCTION = YES;
				GCC_WARN_UNUSED_VARIABLE = YES;
				IPHONEOS_DEPLOYMENT_TARGET = 7.0;
				MTL_ENABLE_DEBUG_INFO = YES;
				ONLY_ACTIVE_ARCH = YES;
				SDKROOT = iphoneos;
				TARGETED_DEVICE_FAMILY = "1,2";
			};
			name = Debug;
		};
		FEF717D11CF5A39700CE5582 /* Release */ = {
			isa = XCBuildConfiguration;
			buildSettings = {
				ALWAYS_SEARCH_USER_PATHS = NO;
				CLANG_ANALYZER_NONNULL = YES;
				CLANG_CXX_LANGUAGE_STANDARD = "gnu++0x";
				CLANG_CXX_LIBRARY = "libc++";
				CLANG_ENABLE_MODULES = YES;
				CLANG_ENABLE_OBJC_ARC = YES;
				CLANG_WARN_BOOL_CONVERSION = YES;
				CLANG_WARN_CONSTANT_CONVERSION = YES;
				CLANG_WARN_DIRECT_OBJC_ISA_USAGE = YES_ERROR;
				CLANG_WARN_EMPTY_BODY = YES;
				CLANG_WARN_ENUM_CONVERSION = YES;
				CLANG_WARN_INT_CONVERSION = YES;
				CLANG_WARN_OBJC_ROOT_CLASS = YES_ERROR;
				CLANG_WARN_UNREACHABLE_CODE = YES;
				CLANG_WARN__DUPLICATE_METHOD_MATCH = YES;
				"CODE_SIGN_IDENTITY[sdk=iphoneos*]" = "iPhone Developer";
				COPY_PHASE_STRIP = NO;
				DEBUG_INFORMATION_FORMAT = "dwarf-with-dsym";
				ENABLE_NS_ASSERTIONS = NO;
				ENABLE_STRICT_OBJC_MSGSEND = YES;
				GCC_C_LANGUAGE_STANDARD = gnu99;
				GCC_NO_COMMON_BLOCKS = YES;
				GCC_WARN_64_TO_32_BIT_CONVERSION = YES;
				GCC_WARN_ABOUT_RETURN_TYPE = YES_ERROR;
				GCC_WARN_UNDECLARED_SELECTOR = YES;
				GCC_WARN_UNINITIALIZED_AUTOS = YES_AGGRESSIVE;
				GCC_WARN_UNUSED_FUNCTION = YES;
				GCC_WARN_UNUSED_VARIABLE = YES;
				IPHONEOS_DEPLOYMENT_TARGET = 7.0;
				MTL_ENABLE_DEBUG_INFO = NO;
				SDKROOT = iphoneos;
				TARGETED_DEVICE_FAMILY = "1,2";
				VALIDATE_PRODUCT = YES;
			};
			name = Release;
		};
		FEF717D31CF5A39700CE5582 /* Debug */ = {
			isa = XCBuildConfiguration;
			buildSettings = {
				ASSETCATALOG_COMPILER_APPICON_NAME = AppIcon;
				ASSETCATALOG_COMPILER_LAUNCHIMAGE_NAME = "Brand Assets";
				CODE_SIGN_IDENTITY = "iPhone Developer";
				INFOPLIST_FILE = "$(SRCROOT)/FFCarouselBannerDemo/Info.plist";
				IPHONEOS_DEPLOYMENT_TARGET = 7.0;
				LD_RUNPATH_SEARCH_PATHS = "$(inherited) @executable_path/Frameworks";
				PRODUCT_BUNDLE_IDENTIFIER = Jone.FFCarouselBanner;
				PRODUCT_NAME = "$(TARGET_NAME)";
			};
			name = Debug;
		};
		FEF717D41CF5A39700CE5582 /* Release */ = {
			isa = XCBuildConfiguration;
			buildSettings = {
				ASSETCATALOG_COMPILER_APPICON_NAME = AppIcon;
				ASSETCATALOG_COMPILER_LAUNCHIMAGE_NAME = "Brand Assets";
				CODE_SIGN_IDENTITY = "iPhone Developer";
				INFOPLIST_FILE = "$(SRCROOT)/FFCarouselBannerDemo/Info.plist";
				IPHONEOS_DEPLOYMENT_TARGET = 7.0;
				LD_RUNPATH_SEARCH_PATHS = "$(inherited) @executable_path/Frameworks";
				PRODUCT_BUNDLE_IDENTIFIER = Jone.FFCarouselBanner;
				PRODUCT_NAME = "$(TARGET_NAME)";
			};
			name = Release;
		};
/* End XCBuildConfiguration section */

/* Begin XCConfigurationList section */
		FEF717B61CF5A39700CE5582 /* Build configuration list for PBXProject "FFCarouselBanner" */ = {
			isa = XCConfigurationList;
			buildConfigurations = (
				FEF717D01CF5A39700CE5582 /* Debug */,
				FEF717D11CF5A39700CE5582 /* Release */,
			);
			defaultConfigurationIsVisible = 0;
			defaultConfigurationName = Release;
		};
		FEF717D21CF5A39700CE5582 /* Build configuration list for PBXNativeTarget "FFCarouselBanner" */ = {
			isa = XCConfigurationList;
			buildConfigurations = (
				FEF717D31CF5A39700CE5582 /* Debug */,
				FEF717D41CF5A39700CE5582 /* Release */,
			);
			defaultConfigurationIsVisible = 0;
			defaultConfigurationName = Release;
		};
/* End XCConfigurationList section */
	};
	rootObject = FEF717B31CF5A39700CE5582 /* Project object */;
}
